// !$*UTF8*$!
{
	archiveVersion = 1;
	classes = {
	};
	objectVersion = 46;
	objects = {

/* Begin PBXBuildFile section */
		01308D441348F84D00453707 /* UIKit.framework in Frameworks */ = {isa = PBXBuildFile; fileRef = 01308D431348F84D00453707 /* UIKit.framework */; };
		01308D461348F84D00453707 /* Foundation.framework in Frameworks */ = {isa = PBXBuildFile; fileRef = 01308D451348F84D00453707 /* Foundation.framework */; };
		01308D481348F84D00453707 /* CoreGraphics.framework in Frameworks */ = {isa = PBXBuildFile; fileRef = 01308D471348F84D00453707 /* CoreGraphics.framework */; };
		01308D4E1348F84D00453707 /* InfoPlist.strings in Resources */ = {isa = PBXBuildFile; fileRef = 01308D4C1348F84D00453707 /* InfoPlist.strings */; };
		01308D511348F84D00453707 /* main.m in Sources */ = {isa = PBXBuildFile; fileRef = 01308D501348F84D00453707 /* main.m */; };
		01308D541348F84D00453707 /* CustomPageControlExampleAppDelegate.m in Sources */ = {isa = PBXBuildFile; fileRef = 01308D531348F84D00453707 /* CustomPageControlExampleAppDelegate.m */; };
		01308D571348F84D00453707 /* MainWindow.xib in Resources */ = {isa = PBXBuildFile; fileRef = 01308D551348F84D00453707 /* MainWindow.xib */; };
		01308D5A1348F84D00453707 /* CustomPageControlExampleViewController.m in Sources */ = {isa = PBXBuildFile; fileRef = 01308D591348F84D00453707 /* CustomPageControlExampleViewController.m */; };
		01308D5D1348F84D00453707 /* CustomPageControlExampleViewController.xib in Resources */ = {isa = PBXBuildFile; fileRef = 01308D5B1348F84D00453707 /* CustomPageControlExampleViewController.xib */; };
		01308D7A1348F9DE00453707 /* CustomPageControl.m in Sources */ = {isa = PBXBuildFile; fileRef = 01308D791348F9DE00453707 /* CustomPageControl.m */; };
/* End PBXBuildFile section */

/* Begin PBXFileReference section */
		01308D3F1348F84D00453707 /* CustomPageControlExample.app */ = {isa = PBXFileReference; explicitFileType = wrapper.application; includeInIndex = 0; path = CustomPageControlExample.app; sourceTree = BUILT_PRODUCTS_DIR; };
		01308D431348F84D00453707 /* UIKit.framework */ = {isa = PBXFileReference; lastKnownFileType = wrapper.framework; name = UIKit.framework; path = System/Library/Frameworks/UIKit.framework; sourceTree = SDKROOT; };
		01308D451348F84D00453707 /* Foundation.framework */ = {isa = PBXFileReference; lastKnownFileType = wrapper.framework; name = Foundation.framework; path = System/Library/Frameworks/Foundation.framework; sourceTree = SDKROOT; };
		01308D471348F84D00453707 /* CoreGraphics.framework */ = {isa = PBXFileReference; lastKnownFileType = wrapper.framework; name = CoreGraphics.framework; path = System/Library/Frameworks/CoreGraphics.framework; sourceTree = SDKROOT; };
		01308D4B1348F84D00453707 /* CustomPageControlExample-Info.plist */ = {isa = PBXFileReference; lastKnownFileType = text.plist.xml; path = "CustomPageControlExample-Info.plist"; sourceTree = "<group>"; };
		01308D4D1348F84D00453707 /* en */ = {isa = PBXFileReference; lastKnownFileType = text.plist.strings; name = en; path = en.lproj/InfoPlist.strings; sourceTree = "<group>"; };
		01308D4F1348F84D00453707 /* CustomPageControlExample-Prefix.pch */ = {isa = PBXFileReference; lastKnownFileType = sourcecode.c.h; path = "CustomPageControlExample-Prefix.pch"; sourceTree = "<group>"; };
		01308D501348F84D00453707 /* main.m */ = {isa = PBXFileReference; lastKnownFileType = sourcecode.c.objc; path = main.m; sourceTree = "<group>"; };
		01308D521348F84D00453707 /* CustomPageControlExampleAppDelegate.h */ = {isa = PBXFileReference; lastKnownFileType = sourcecode.c.h; path = CustomPageControlExampleAppDelegate.h; sourceTree = "<group>"; };
		01308D531348F84D00453707 /* CustomPageControlExampleAppDelegate.m */ = {isa = PBXFileReference; lastKnownFileType = sourcecode.c.objc; path = CustomPageControlExampleAppDelegate.m; sourceTree = "<group>"; };
		01308D561348F84D00453707 /* en */ = {isa = PBXFileReference; lastKnownFileType = file.xib; name = en; path = en.lproj/MainWindow.xib; sourceTree = "<group>"; };
		01308D581348F84D00453707 /* CustomPageControlExampleViewController.h */ = {isa = PBXFileReference; lastKnownFileType = sourcecode.c.h; path = CustomPageControlExampleViewController.h; sourceTree = "<group>"; };
		01308D591348F84D00453707 /* CustomPageControlExampleViewController.m */ = {isa = PBXFileReference; lastKnownFileType = sourcecode.c.objc; path = CustomPageControlExampleViewController.m; sourceTree = "<group>"; };
		01308D5C1348F84D00453707 /* en */ = {isa = PBXFileReference; lastKnownFileType = file.xib; name = en; path = en.lproj/CustomPageControlExampleViewController.xib; sourceTree = "<group>"; };
		01308D781348F9DE00453707 /* CustomPageControl.h */ = {isa = PBXFileReference; fileEncoding = 4; lastKnownFileType = sourcecode.c.h; path = CustomPageControl.h; sourceTree = "<group>"; };
		01308D791348F9DE00453707 /* CustomPageControl.m */ = {isa = PBXFileReference; fileEncoding = 4; lastKnownFileType = sourcecode.c.objc; path = CustomPageControl.m; sourceTree = "<group>"; };
/* End PBXFileReference section */

/* Begin PBXFrameworksBuildPhase section */
		01308D3C1348F84D00453707 /* Frameworks */ = {
			isa = PBXFrameworksBuildPhase;
			buildActionMask = 2147483647;
			files = (
				01308D441348F84D00453707 /* UIKit.framework in Frameworks */,
				01308D461348F84D00453707 /* Foundation.framework in Frameworks */,
				01308D481348F84D00453707 /* CoreGraphics.framework in Frameworks */,
			);
			runOnlyForDeploymentPostprocessing = 0;
		};
/* End PBXFrameworksBuildPhase section */

/* Begin PBXGroup section */
		01308D341348F84D00453707 = {
			isa = PBXGroup;
			children = (
				01308D731348F8C700453707 /* CustomPageControl */,
				01308D491348F84D00453707 /* CustomPageControlExample */,
				01308D421348F84D00453707 /* Frameworks */,
				01308D401348F84D00453707 /* Products */,
			);
			sourceTree = "<group>";
		};
		01308D401348F84D00453707 /* Products */ = {
			isa = PBXGroup;
			children = (
				01308D3F1348F84D00453707 /* CustomPageControlExample.app */,
			);
			name = Products;
			sourceTree = "<group>";
		};
		01308D421348F84D00453707 /* Frameworks */ = {
			isa = PBXGroup;
			children = (
				01308D431348F84D00453707 /* UIKit.framework */,
				01308D451348F84D00453707 /* Foundation.framework */,
				01308D471348F84D00453707 /* CoreGraphics.framework */,
			);
			name = Frameworks;
			sourceTree = "<group>";
		};
		01308D491348F84D00453707 /* CustomPageControlExample */ = {
			isa = PBXGroup;
			children = (
				01308D521348F84D00453707 /* CustomPageControlExampleAppDelegate.h */,
				01308D531348F84D00453707 /* CustomPageControlExampleAppDelegate.m */,
				01308D551348F84D00453707 /* MainWindow.xib */,
				01308D581348F84D00453707 /* CustomPageControlExampleViewController.h */,
				01308D591348F84D00453707 /* CustomPageControlExampleViewController.m */,
				01308D5B1348F84D00453707 /* CustomPageControlExampleViewController.xib */,
				01308D4A1348F84D00453707 /* Supporting Files */,
			);
			path = CustomPageControlExample;
			sourceTree = "<group>";
		};
		01308D4A1348F84D00453707 /* Supporting Files */ = {
			isa = PBXGroup;
			children = (
				01308D4B1348F84D00453707 /* CustomPageControlExample-Info.plist */,
				01308D4C1348F84D00453707 /* InfoPlist.strings */,
				01308D4F1348F84D00453707 /* CustomPageControlExample-Prefix.pch */,
				01308D501348F84D00453707 /* main.m */,
			);
			name = "Supporting Files";
			sourceTree = "<group>";
		};
		01308D731348F8C700453707 /* CustomPageControl */ = {
			isa = PBXGroup;
			children = (
				01308D781348F9DE00453707 /* CustomPageControl.h */,
				01308D791348F9DE00453707 /* CustomPageControl.m */,
			);
			path = CustomPageControl;
			sourceTree = "<group>";
		};
/* End PBXGroup section */

/* Begin PBXNativeTarget section */
		01308D3E1348F84D00453707 /* CustomPageControlExample */ = {
			isa = PBXNativeTarget;
			buildConfigurationList = 01308D601348F84D00453707 /* Build configuration list for PBXNativeTarget "CustomPageControlExample" */;
			buildPhases = (
				01308D3B1348F84D00453707 /* Sources */,
				01308D3C1348F84D00453707 /* Frameworks */,
				01308D3D1348F84D00453707 /* Resources */,
			);
			buildRules = (
			);
			dependencies = (
			);
			name = CustomPageControlExample;
			productName = CustomPageControlExample;
			productReference = 01308D3F1348F84D00453707 /* CustomPageControlExample.app */;
			productType = "com.apple.product-type.application";
		};
/* End PBXNativeTarget section */

/* Begin PBXProject section */
		01308D361348F84D00453707 /* Project object */ = {
			isa = PBXProject;
			buildConfigurationList = 01308D391348F84D00453707 /* Build configuration list for PBXProject "CustomPageControlExample" */;
			compatibilityVersion = "Xcode 3.2";
			developmentRegion = English;
			hasScannedForEncodings = 0;
			knownRegions = (
				en,
			);
			mainGroup = 01308D341348F84D00453707;
			productRefGroup = 01308D401348F84D00453707 /* Products */;
			projectDirPath = "";
			projectRoot = "";
			targets = (
				01308D3E1348F84D00453707 /* CustomPageControlExample */,
			);
		};
/* End PBXProject section */

/* Begin PBXResourcesBuildPhase section */
		01308D3D1348F84D00453707 /* Resources */ = {
			isa = PBXResourcesBuildPhase;
			buildActionMask = 2147483647;
			files = (
				01308D4E1348F84D00453707 /* InfoPlist.strings in Resources */,
				01308D571348F84D00453707 /* MainWindow.xib in Resources */,
				01308D5D1348F84D00453707 /* CustomPageControlExampleViewController.xib in Resources */,
			);
			runOnlyForDeploymentPostprocessing = 0;
		};
/* End PBXResourcesBuildPhase section */

/* Begin PBXSourcesBuildPhase section */
		01308D3B1348F84D00453707 /* Sources */ = {
			isa = PBXSourcesBuildPhase;
			buildActionMask = 2147483647;
			files = (
				01308D511348F84D00453707 /* main.m in Sources */,
				01308D541348F84D00453707 /* CustomPageControlExampleAppDelegate.m in Sources */,
				01308D5A1348F84D00453707 /* CustomPageControlExampleViewController.m in Sources */,
				01308D7A1348F9DE00453707 /* CustomPageControl.m in Sources */,
			);
			runOnlyForDeploymentPostprocessing = 0;
		};
/* End PBXSourcesBuildPhase section */

/* Begin PBXVariantGroup section */
		01308D4C1348F84D00453707 /* InfoPlist.strings */ = {
			isa = PBXVariantGroup;
			children = (
				01308D4D1348F84D00453707 /* en */,
			);
			name = InfoPlist.strings;
			sourceTree = "<group>";
		};
		01308D551348F84D00453707 /* MainWindow.xib */ = {
			isa = PBXVariantGroup;
			children = (
				01308D561348F84D00453707 /* en */,
			);
			name = MainWindow.xib;
			sourceTree = "<group>";
		};
		01308D5B1348F84D00453707 /* CustomPageControlExampleViewController.xib */ = {
			isa = PBXVariantGroup;
			children = (
				01308D5C1348F84D00453707 /* en */,
			);
			name = CustomPageControlExampleViewController.xib;
			sourceTree = "<group>";
		};
/* End PBXVariantGroup section */

/* Begin XCBuildConfiguration section */
		01308D5E1348F84D00453707 /* Debug */ = {
			isa = XCBuildConfiguration;
			buildSettings = {
				ARCHS = "$(ARCHS_STANDARD_32_BIT)";
				"CODE_SIGN_IDENTITY[sdk=iphoneos*]" = "iPhone Developer";
				GCC_C_LANGUAGE_STANDARD = gnu99;
				GCC_OPTIMIZATION_LEVEL = 0;
				GCC_PREPROCESSOR_DEFINITIONS = DEBUG;
				GCC_SYMBOLS_PRIVATE_EXTERN = NO;
				GCC_VERSION = com.apple.compilers.llvmgcc42;
				GCC_WARN_ABOUT_RETURN_TYPE = YES;
				GCC_WARN_UNUSED_VARIABLE = YES;
				IPHONEOS_DEPLOYMENT_TARGET = 4.3;
				SDKROOT = iphoneos;
			};
			name = Debug;
		};
		01308D5F1348F84D00453707 /* Release */ = {
			isa = XCBuildConfiguration;
			buildSettings = {
				ARCHS = "$(ARCHS_STANDARD_32_BIT)";
				"CODE_SIGN_IDENTITY[sdk=iphoneos*]" = "iPhone Developer";
				GCC_C_LANGUAGE_STANDARD = gnu99;
				GCC_VERSION = com.apple.compilers.llvmgcc42;
				GCC_WARN_ABOUT_RETURN_TYPE = YES;
				GCC_WARN_UNUSED_VARIABLE = YES;
				IPHONEOS_DEPLOYMENT_TARGET = 4.3;
				OTHER_CFLAGS = "-DNS_BLOCK_ASSERTIONS=1";
				SDKROOT = iphoneos;
			};
			name = Release;
		};
		01308D611348F84D00453707 /* Debug */ = {
			isa = XCBuildConfiguration;
			buildSettings = {
				ALWAYS_SEARCH_USER_PATHS = NO;
				COPY_PHASE_STRIP = NO;
				GCC_DYNAMIC_NO_PIC = NO;
				GCC_PRECOMPILE_PREFIX_HEADER = YES;
				GCC_PREFIX_HEADER = "CustomPageControlExample/CustomPageControlExample-Prefix.pch";
				INFOPLIST_FILE = "CustomPageControlExample/CustomPageControlExample-Info.plist";
				PRODUCT_NAME = "$(TARGET_NAME)";
				WRAPPER_EXTENSION = app;
			};
			name = Debug;
		};
		01308D621348F84D00453707 /* Release */ = {
			isa = XCBuildConfiguration;
			buildSettings = {
				ALWAYS_SEARCH_USER_PATHS = NO;
				COPY_PHASE_STRIP = YES;
				GCC_PRECOMPILE_PREFIX_HEADER = YES;
				GCC_PREFIX_HEADER = "CustomPageControlExample/CustomPageControlExample-Prefix.pch";
				INFOPLIST_FILE = "CustomPageControlExample/CustomPageControlExample-Info.plist";
				PRODUCT_NAME = "$(TARGET_NAME)";
				VALIDATE_PRODUCT = YES;
				WRAPPER_EXTENSION = app;
			};
			name = Release;
		};
/* End XCBuildConfiguration section */

/* Begin XCConfigurationList section */
		01308D391348F84D00453707 /* Build configuration list for PBXProject "CustomPageControlExample" */ = {
			isa = XCConfigurationList;
			buildConfigurations = (
				01308D5E1348F84D00453707 /* Debug */,
				01308D5F1348F84D00453707 /* Release */,
			);
			defaultConfigurationIsVisible = 0;
			defaultConfigurationName = Release;
		};
		01308D601348F84D00453707 /* Build configuration list for PBXNativeTarget "CustomPageControlExample" */ = {
			isa = XCConfigurationList;
			buildConfigurations = (
				01308D611348F84D00453707 /* Debug */,
				01308D621348F84D00453707 /* Release */,
			);
			defaultConfigurationIsVisible = 0;
			defaultConfigurationName = Release;
		};
/* End XCConfigurationList section */
	};
	rootObject = 01308D361348F84D00453707 /* Project object */;
}
